{
  "requires": true,
  "lockfileVersion": 1,
  "dependencies": {
    "asynciterator": {
      "version": "3.0.3",
      "resolved": "https://registry.npmjs.org/asynciterator/-/asynciterator-3.0.3.tgz",
      "integrity": "sha512-mNvEwsk6DN7+co9T2be/Eor0kKQGIXCoGg27v7vsCLlFdSXlboH06UGCy9cfEh2qAfDdgsEpmDn6y59f3+ZvgA=="
    }
  }
}